
Microsoft Visual Studio Solution File, Format Version 12.00
# Visual Studio Version 17
VisualStudioVersion = 17.3.32825.248
MinimumVisualStudioVersion = 10.0.40219.1
Project("{FAE04EC0-301F-11D3-BF4B-00C04F79EFBC}") = "07-08-clodHandson", "07-08-clodHandson.csproj", "{A725C791-3EDC-4859-BDF0-7150174224F8}"
EndProject
Global
	GlobalSection(SolutionConfigurationPlatforms) = preSolution
		Debug|Any CPU = Debug|Any CPU
		Release|Any CPU = Release|Any CPU
	EndGlobalSection
	GlobalSection(ProjectConfigurationPlatforms) = postSolution
		{A725C791-3EDC-4859-BDF0-7150174224F8}.Debug|Any CPU.ActiveCfg = Debug|Any CPU
		{A725C791-3EDC-4859-BDF0-7150174224F8}.Debug|Any CPU.Build.0 = Debug|Any CPU
		{A725C791-3EDC-4859-BDF0-7150174224F8}.Release|Any CPU.ActiveCfg = Release|Any CPU
		{A725C791-3EDC-4859-BDF0-7150174224F8}.Release|Any CPU.Build.0 = Release|Any CPU
	EndGlobalSection
	GlobalSection(SolutionProperties) = preSolution
		HideSolutionNode = FALSE
	EndGlobalSection
	GlobalSection(ExtensibilityGlobals) = postSolution
		SolutionGuid = {8C02FDE8-DFBB-45B1-BEBD-89D5E5A0CB94}
	EndGlobalSection
EndGlobal
